github.com/mailru/easygo v0.0.0-20190618140210-3c14a0dc985f h1:4+gHs0jJFJ06bfN8PshnM6cHcxGjRUVRLo5jndDiKRQ=
github.com/mailru/easygo v0.0.0-20190618140210-3c14a0dc985f/go.mod h1:tHCZHV8b2A90ObojrEAzY0Lb03gxUxjDHr5IJyAh4ew=
golang.org/x/sys v0.0.0-20190813064441-fde4db37ae7a h1:aYOabOQFp6Vj6W1F80affTUvO9UxmJRx8K0gsfABByQ=
golang.org/x/sys v0.0.0-20190813064441-fde4db37ae7a/go.mod h1:h1NjWce9XRLGQEsW7wpKNCjG9DtNlClVuFLEZdDNbEs=
